{
  "name": "albert-playwright",
  "version": "1.0.0",
  "lockfileVersion": 1,
  "requires": true,
  "dependencies": {
    "@types/node": {
      "version": "16.11.7",
      "resolved": "https://registry.npmmirror.com/@types/node/download/@types/node-16.11.7.tgz?cache=0&sync_timestamp=1636407346756&other_urls=https%3A%2F%2Fregistry.npmmirror.com%2F%40types%2Fnode%2Fdownload%2F%40types%2Fnode-16.11.7.tgz",
      "integrity": "sha512-QB5D2sqfSjCmTuWcBWyJ+/44bcjO7VbjSbOE0ucoVbAsSNQc4Lt6QkgkVXkTDwkL4z/beecZNDvVX15D4P8Jbw==",
      "optional": true
    },
    "@types/yauzl": {
      "version": "2.9.2",
      "resolved": "https://registry.nlark.com/@types/yauzl/download/@types/yauzl-2.9.2.tgz",
      "integrity": "sha1-xI5dVq/xREQJ45+hZLC01FUqe3o=",
      "optional": true,
      "requires": {
        "@types/node": "*"
      }
    },
    "agent-base": {
      "version": "6.0.2",
      "resolved": "https://registry.npm.taobao.org/agent-base/download/agent-base-6.0.2.tgz",
      "integrity": "sha1-Sf/1hXfP7j83F2/qtMIuAPhtf3c=",
      "requires": {
        "debug": "4"
      }
    },
    "assert": {
      "version": "2.0.0",
      "resolved": "https://registry.npm.taobao.org/assert/download/assert-2.0.0.tgz",
      "integrity": "sha1-lfwcYW1IcTUQaA8ury0Q3SLgLTI=",
      "requires": {
        "es6-object-assign": "^1.1.0",
        "is-nan": "^1.2.1",
        "object-is": "^1.0.1",
        "util": "^0.12.0"
      }
    },
    "available-typed-arrays": {
      "version": "1.0.5",
      "resolved": "https://registry.nlark.com/available-typed-arrays/download/available-typed-arrays-1.0.5.tgz?cache=0&sync_timestamp=1630379160054&other_urls=https%3A%2F%2Fregistry.nlark.com%2Favailable-typed-arrays%2Fdownload%2Favailable-typed-arrays-1.0.5.tgz",
      "integrity": "sha1-kvlWFlAQadB9EO2y/DfT4cZRI7c="
    },
    "axios": {
      "version": "0.24.0",
      "resolved": "https://registry.npmmirror.com/axios/download/axios-0.24.0.tgz",
      "integrity": "sha1-gE5voeS5xSiFAd2d/1anoJQNINY=",
      "requires": {
        "follow-redirects": "^1.14.4"
      }
    },
    "balanced-match": {
      "version": "1.0.2",
      "resolved": "https://registry.nlark.com/balanced-match/download/balanced-match-1.0.2.tgz",
      "integrity": "sha1-6D46fj8wCzTLnYf2FfoMvzV2kO4="
    },
    "brace-expansion": {
      "version": "1.1.11",
      "resolved": "https://registry.npm.taobao.org/brace-expansion/download/brace-expansion-1.1.11.tgz",
      "integrity": "sha1-PH/L9SnYcibz0vUrlm/1Jx60Qd0=",
      "requires": {
        "balanced-match": "^1.0.0",
        "concat-map": "0.0.1"
      }
    },
    "buffer-crc32": {
      "version": "0.2.13",
      "resolved": "https://registry.nlark.com/buffer-crc32/download/buffer-crc32-0.2.13.tgz",
      "integrity": "sha1-DTM+PwDqxQqhRUq9MO+MKl2ackI="
    },
    "call-bind": {
      "version": "1.0.2",
      "resolved": "https://registry.nlark.com/call-bind/download/call-bind-1.0.2.tgz",
      "integrity": "sha1-sdTonmiBGcPJqQOtMKuy9qkZvjw=",
      "requires": {
        "function-bind": "^1.1.1",
        "get-intrinsic": "^1.0.2"
      }
    },
    "commander": {
      "version": "8.3.0",
      "resolved": "https://registry.npmmirror.com/commander/download/commander-8.3.0.tgz",
      "integrity": "sha1-SDfqGy2me5xhamevuw+v7lZ7ymY="
    },
    "concat-map": {
      "version": "0.0.1",
      "resolved": "https://registry.nlark.com/concat-map/download/concat-map-0.0.1.tgz",
      "integrity": "sha1-2Klr13/Wjfd5OnMDajug1UBdR3s="
    },
    "debug": {
      "version": "4.3.2",
      "resolved": "https://registry.npmmirror.com/debug/download/debug-4.3.2.tgz?cache=0&sync_timestamp=1636300872595&other_urls=https%3A%2F%2Fregistry.npmmirror.com%2Fdebug%2Fdownload%2Fdebug-4.3.2.tgz",
      "integrity": "sha1-8KScGKyHeeMdSgxgKd+3aHPHQos=",
      "requires": {
        "ms": "2.1.2"
      }
    },
    "define-properties": {
      "version": "1.1.3",
      "resolved": "https://registry.nlark.com/define-properties/download/define-properties-1.1.3.tgz",
      "integrity": "sha1-z4jabL7ib+bbcJT2HYcMvYTO6fE=",
      "requires": {
        "object-keys": "^1.0.12"
      }
    },
    "dotenv": {
      "version": "10.0.0",
      "resolved": "https://registry.nlark.com/dotenv/download/dotenv-10.0.0.tgz?cache=0&other_urls=https%3A%2F%2Fregistry.nlark.com%2Fdotenv%2Fdownload%2Fdotenv-10.0.0.tgz",
      "integrity": "sha1-PUInuPuV+BCWzdK2ZlP7LHCFuoE="
    },
    "end-of-stream": {
      "version": "1.4.4",
      "resolved": "https://registry.npm.taobao.org/end-of-stream/download/end-of-stream-1.4.4.tgz",
      "integrity": "sha1-WuZKX0UFe682JuwU2gyl5LJDHrA=",
      "requires": {
        "once": "^1.4.0"
      }
    },
    "es-abstract": {
      "version": "1.19.1",
      "resolved": "https://registry.npmmirror.com/es-abstract/download/es-abstract-1.19.1.tgz?cache=0&sync_timestamp=1633234240479&other_urls=https%3A%2F%2Fregistry.npmmirror.com%2Fes-abstract%2Fdownload%2Fes-abstract-1.19.1.tgz",
      "integrity": "sha1-1IhXlodpFpWd547aoN9FZicRXsM=",
      "requires": {
        "call-bind": "^1.0.2",
        "es-to-primitive": "^1.2.1",
        "function-bind": "^1.1.1",
        "get-intrinsic": "^1.1.1",
        "get-symbol-description": "^1.0.0",
        "has": "^1.0.3",
        "has-symbols": "^1.0.2",
        "internal-slot": "^1.0.3",
        "is-callable": "^1.2.4",
        "is-negative-zero": "^2.0.1",
        "is-regex": "^1.1.4",
        "is-shared-array-buffer": "^1.0.1",
        "is-string": "^1.0.7",
        "is-weakref": "^1.0.1",
        "object-inspect": "^1.11.0",
        "object-keys": "^1.1.1",
        "object.assign": "^4.1.2",
        "string.prototype.trimend": "^1.0.4",
        "string.prototype.trimstart": "^1.0.4",
        "unbox-primitive": "^1.0.1"
      }
    },
    "es-to-primitive": {
      "version": "1.2.1",
      "resolved": "https://registry.nlark.com/es-to-primitive/download/es-to-primitive-1.2.1.tgz",
      "integrity": "sha1-5VzUyc3BiLzvsDs2bHNjI/xciYo=",
      "requires": {
        "is-callable": "^1.1.4",
        "is-date-object": "^1.0.1",
        "is-symbol": "^1.0.2"
      }
    },
    "es6-object-assign": {
      "version": "1.1.0",
      "resolved": "https://registry.nlark.com/es6-object-assign/download/es6-object-assign-1.1.0.tgz",
      "integrity": "sha1-wsNYJlYkfDnqEHyx5mUrb58kUjw="
    },
    "escape-string-regexp": {
      "version": "2.0.0",
      "resolved": "https://registry.nlark.com/escape-string-regexp/download/escape-string-regexp-2.0.0.tgz",
      "integrity": "sha1-owME6Z2qMuI7L9IPUbq9B8/8o0Q="
    },
    "extract-zip": {
      "version": "2.0.1",
      "resolved": "https://registry.nlark.com/extract-zip/download/extract-zip-2.0.1.tgz",
      "integrity": "sha1-Zj3KVv5G34kNXxMe9KBtIruLoTo=",
      "requires": {
        "@types/yauzl": "^2.9.1",
        "debug": "^4.1.1",
        "get-stream": "^5.1.0",
        "yauzl": "^2.10.0"
      }
    },
    "fd-slicer": {
      "version": "1.1.0",
      "resolved": "https://registry.nlark.com/fd-slicer/download/fd-slicer-1.1.0.tgz",
      "integrity": "sha1-JcfInLH5B3+IkbvmHY85Dq4lbx4=",
      "requires": {
        "pend": "~1.2.0"
      }
    },
    "follow-redirects": {
      "version": "1.14.5",
      "resolved": "https://registry.npmmirror.com/follow-redirects/download/follow-redirects-1.14.5.tgz?cache=0&sync_timestamp=1635857764332&other_urls=https%3A%2F%2Fregistry.npmmirror.com%2Ffollow-redirects%2Fdownload%2Ffollow-redirects-1.14.5.tgz",
      "integrity": "sha1-8JpYSJgdPHcrU5Iwl3hSP42Fw4E="
    },
    "foreach": {
      "version": "2.0.5",
      "resolved": "https://registry.nlark.com/foreach/download/foreach-2.0.5.tgz",
      "integrity": "sha1-C+4AUBiusmDQo6865ljdATbsG5k="
    },
    "fs-extra": {
      "version": "10.0.0",
      "resolved": "https://registry.nlark.com/fs-extra/download/fs-extra-10.0.0.tgz?cache=0&sync_timestamp=1620079845472&other_urls=https%3A%2F%2Fregistry.nlark.com%2Ffs-extra%2Fdownload%2Ffs-extra-10.0.0.tgz",
      "integrity": "sha1-n/YbZV3eU/s0qC34S7IUzoAuF8E=",
      "requires": {
        "graceful-fs": "^4.2.0",
        "jsonfile": "^6.0.1",
        "universalify": "^2.0.0"
      }
    },
    "fs.realpath": {
      "version": "1.0.0",
      "resolved": "https://registry.nlark.com/fs.realpath/download/fs.realpath-1.0.0.tgz",
      "integrity": "sha1-FQStJSMVjKpA20onh8sBQRmU6k8="
    },
    "function-bind": {
      "version": "1.1.1",
      "resolved": "https://registry.npm.taobao.org/function-bind/download/function-bind-1.1.1.tgz",
      "integrity": "sha1-pWiZ0+o8m6uHS7l3O3xe3pL0iV0="
    },
    "get-intrinsic": {
      "version": "1.1.1",
      "resolved": "https://registry.npm.taobao.org/get-intrinsic/download/get-intrinsic-1.1.1.tgz",
      "integrity": "sha1-FfWfN2+FXERpY5SPDSTNNje0q8Y=",
      "requires": {
        "function-bind": "^1.1.1",
        "has": "^1.0.3",
        "has-symbols": "^1.0.1"
      }
    },
    "get-stream": {
      "version": "5.2.0",
      "resolved": "https://registry.npm.taobao.org/get-stream/download/get-stream-5.2.0.tgz",
      "integrity": "sha1-SWaheV7lrOZecGxLe+txJX1uItM=",
      "requires": {
        "pump": "^3.0.0"
      }
    },
    "get-symbol-description": {
      "version": "1.0.0",
      "resolved": "https://registry.nlark.com/get-symbol-description/download/get-symbol-description-1.0.0.tgz",
      "integrity": "sha1-f9uByQAQH71WTdXxowr1qtweWNY=",
      "requires": {
        "call-bind": "^1.0.2",
        "get-intrinsic": "^1.1.1"
      }
    },
    "glob": {
      "version": "7.2.0",
      "resolved": "https://registry.npmmirror.com/glob/download/glob-7.2.0.tgz",
      "integrity": "sha1-0VU1r3cy4C6Uj0xBYovZECk/YCM=",
      "requires": {
        "fs.realpath": "^1.0.0",
        "inflight": "^1.0.4",
        "inherits": "2",
        "minimatch": "^3.0.4",
        "once": "^1.3.0",
        "path-is-absolute": "^1.0.0"
      }
    },
    "graceful-fs": {
      "version": "4.2.8",
      "resolved": "https://registry.npmmirror.com/graceful-fs/download/graceful-fs-4.2.8.tgz",
      "integrity": "sha1-5BK40z9eAGWTy9PO5t+fLOu+gCo="
    },
    "has": {
      "version": "1.0.3",
      "resolved": "https://registry.npm.taobao.org/has/download/has-1.0.3.tgz",
      "integrity": "sha1-ci18v8H2qoJB8W3YFOAR4fQeh5Y=",
      "requires": {
        "function-bind": "^1.1.1"
      }
    },
    "has-bigints": {
      "version": "1.0.1",
      "resolved": "https://registry.npm.taobao.org/has-bigints/download/has-bigints-1.0.1.tgz",
      "integrity": "sha1-ZP5qywIGc+O3jbA1pa9pqp0HsRM="
    },
    "has-symbols": {
      "version": "1.0.2",
      "resolved": "https://registry.npm.taobao.org/has-symbols/download/has-symbols-1.0.2.tgz?cache=0&sync_timestamp=1614443617831&other_urls=https%3A%2F%2Fregistry.npm.taobao.org%2Fhas-symbols%2Fdownload%2Fhas-symbols-1.0.2.tgz",
      "integrity": "sha1-Fl0wcMADCXUqEjakeTMeOsVvFCM="
    },
    "has-tostringtag": {
      "version": "1.0.0",
      "resolved": "https://registry.nlark.com/has-tostringtag/download/has-tostringtag-1.0.0.tgz?cache=0&sync_timestamp=1628196402801&other_urls=https%3A%2F%2Fregistry.nlark.com%2Fhas-tostringtag%2Fdownload%2Fhas-tostringtag-1.0.0.tgz",
      "integrity": "sha1-fhM4GKfTlHNPlB5zw9P5KR5liyU=",
      "requires": {
        "has-symbols": "^1.0.2"
      }
    },
    "https-proxy-agent": {
      "version": "5.0.0",
      "resolved": "https://registry.nlark.com/https-proxy-agent/download/https-proxy-agent-5.0.0.tgz",
      "integrity": "sha1-4qkFQqu2inYuCghQ9sntrf2FBrI=",
      "requires": {
        "agent-base": "6",
        "debug": "4"
      }
    },
    "inflight": {
      "version": "1.0.6",
      "resolved": "https://registry.nlark.com/inflight/download/inflight-1.0.6.tgz",
      "integrity": "sha1-Sb1jMdfQLQwJvJEKEHW6gWW1bfk=",
      "requires": {
        "once": "^1.3.0",
        "wrappy": "1"
      }
    },
    "inherits": {
      "version": "2.0.4",
      "resolved": "https://registry.npm.taobao.org/inherits/download/inherits-2.0.4.tgz",
      "integrity": "sha1-D6LGT5MpF8NDOg3tVTY6rjdBa3w="
    },
    "internal-slot": {
      "version": "1.0.3",
      "resolved": "https://registry.npm.taobao.org/internal-slot/download/internal-slot-1.0.3.tgz?cache=0&sync_timestamp=1611692674457&other_urls=https%3A%2F%2Fregistry.npm.taobao.org%2Finternal-slot%2Fdownload%2Finternal-slot-1.0.3.tgz",
      "integrity": "sha1-c0fjB97uovqsKsYgXUvH00ln9Zw=",
      "requires": {
        "get-intrinsic": "^1.1.0",
        "has": "^1.0.3",
        "side-channel": "^1.0.4"
      }
    },
    "ip": {
      "version": "1.1.5",
      "resolved": "https://registry.npm.taobao.org/ip/download/ip-1.1.5.tgz",
      "integrity": "sha1-vd7XARQpCCjAoDnnLvJfWq7ENUo="
    },
    "is-arguments": {
      "version": "1.1.1",
      "resolved": "https://registry.nlark.com/is-arguments/download/is-arguments-1.1.1.tgz?cache=0&other_urls=https%3A%2F%2Fregistry.nlark.com%2Fis-arguments%2Fdownload%2Fis-arguments-1.1.1.tgz",
      "integrity": "sha1-FbP4j9oB8ql/7ITKdhpWDxI++ps=",
      "requires": {
        "call-bind": "^1.0.2",
        "has-tostringtag": "^1.0.0"
      }
    },
    "is-bigint": {
      "version": "1.0.4",
      "resolved": "https://registry.nlark.com/is-bigint/download/is-bigint-1.0.4.tgz?cache=0&sync_timestamp=1628747489221&other_urls=https%3A%2F%2Fregistry.nlark.com%2Fis-bigint%2Fdownload%2Fis-bigint-1.0.4.tgz",
      "integrity": "sha1-CBR6GHW8KzIAXUHM2Ckd/8ZpHfM=",
      "requires": {
        "has-bigints": "^1.0.1"
      }
    },
    "is-boolean-object": {
      "version": "1.1.2",
      "resolved": "https://registry.nlark.com/is-boolean-object/download/is-boolean-object-1.1.2.tgz",
      "integrity": "sha1-XG3CACRt2TIa5LiFoRS7H3X2Nxk=",
      "requires": {
        "call-bind": "^1.0.2",
        "has-tostringtag": "^1.0.0"
      }
    },
    "is-callable": {
      "version": "1.2.4",
      "resolved": "https://registry.nlark.com/is-callable/download/is-callable-1.2.4.tgz?cache=0&sync_timestamp=1628259699255&other_urls=https%3A%2F%2Fregistry.nlark.com%2Fis-callable%2Fdownload%2Fis-callable-1.2.4.tgz",
      "integrity": "sha1-RzAdWN0CWUB4ZVR4U99tYf5HGUU="
    },
    "is-date-object": {
      "version": "1.0.5",
      "resolved": "https://registry.nlark.com/is-date-object/download/is-date-object-1.0.5.tgz?cache=0&other_urls=https%3A%2F%2Fregistry.nlark.com%2Fis-date-object%2Fdownload%2Fis-date-object-1.0.5.tgz",
      "integrity": "sha1-CEHVU25yTCVZe/bqYuG9OCmN8x8=",
      "requires": {
        "has-tostringtag": "^1.0.0"
      }
    },
    "is-generator-function": {
      "version": "1.0.10",
      "resolved": "https://registry.nlark.com/is-generator-function/download/is-generator-function-1.0.10.tgz?cache=0&sync_timestamp=1628228108229&other_urls=https%3A%2F%2Fregistry.nlark.com%2Fis-generator-function%2Fdownload%2Fis-generator-function-1.0.10.tgz",
      "integrity": "sha1-8VWLrxrBfg3up8BBXEODUf8rPHI=",
      "requires": {
        "has-tostringtag": "^1.0.0"
      }
    },
    "is-nan": {
      "version": "1.3.2",
      "resolved": "https://registry.npm.taobao.org/is-nan/download/is-nan-1.3.2.tgz",
      "integrity": "sha1-BDpUreoxdItVts1OCara+mm9nh0=",
      "requires": {
        "call-bind": "^1.0.0",
        "define-properties": "^1.1.3"
      }
    },
    "is-negative-zero": {
      "version": "2.0.1",
      "resolved": "https://registry.nlark.com/is-negative-zero/download/is-negative-zero-2.0.1.tgz",
      "integrity": "sha1-PedGwY3aIxkkGlNnWQjY92bxHCQ="
    },
    "is-number-object": {
      "version": "1.0.6",
      "resolved": "https://registry.nlark.com/is-number-object/download/is-number-object-1.0.6.tgz?cache=0&other_urls=https%3A%2F%2Fregistry.nlark.com%2Fis-number-object%2Fdownload%2Fis-number-object-1.0.6.tgz",
      "integrity": "sha1-anqvg4x/BoalC0VT9+VKlklOifA=",
      "requires": {
        "has-tostringtag": "^1.0.0"
      }
    },
    "is-regex": {
      "version": "1.1.4",
      "resolved": "https://registry.nlark.com/is-regex/download/is-regex-1.1.4.tgz?cache=0&sync_timestamp=1628221905423&other_urls=https%3A%2F%2Fregistry.nlark.com%2Fis-regex%2Fdownload%2Fis-regex-1.1.4.tgz",
      "integrity": "sha1-7vVmPNWfpMCuM5UFMj32hUuxWVg=",
      "requires": {
        "call-bind": "^1.0.2",
        "has-tostringtag": "^1.0.0"
      }
    },
    "is-shared-array-buffer": {
      "version": "1.0.1",
      "resolved": "https://registry.npmmirror.com/is-shared-array-buffer/download/is-shared-array-buffer-1.0.1.tgz",
      "integrity": "sha1-l7DIX72stZycRG/mU7gs8rW3z+Y="
    },
    "is-string": {
      "version": "1.0.7",
      "resolved": "https://registry.nlark.com/is-string/download/is-string-1.0.7.tgz?cache=0&sync_timestamp=1628213733442&other_urls=https%3A%2F%2Fregistry.nlark.com%2Fis-string%2Fdownload%2Fis-string-1.0.7.tgz",
      "integrity": "sha1-DdEr8gBvJVu1j2lREO/3SR7rwP0=",
      "requires": {
        "has-tostringtag": "^1.0.0"
      }
    },
    "is-symbol": {
      "version": "1.0.4",
      "resolved": "https://registry.nlark.com/is-symbol/download/is-symbol-1.0.4.tgz?cache=0&sync_timestamp=1620501182675&other_urls=https%3A%2F%2Fregistry.nlark.com%2Fis-symbol%2Fdownload%2Fis-symbol-1.0.4.tgz",
      "integrity": "sha1-ptrJO2NbBjymhyI23oiRClevE5w=",
      "requires": {
        "has-symbols": "^1.0.2"
      }
    },
    "is-typed-array": {
      "version": "1.1.8",
      "resolved": "https://registry.nlark.com/is-typed-array/download/is-typed-array-1.1.8.tgz",
      "integrity": "sha1-y6plhdx9tDMYvFuJUj6jhKb2Xnk=",
      "requires": {
        "available-typed-arrays": "^1.0.5",
        "call-bind": "^1.0.2",
        "es-abstract": "^1.18.5",
        "foreach": "^2.0.5",
        "has-tostringtag": "^1.0.0"
      }
    },
    "is-weakref": {
      "version": "1.0.1",
      "resolved": "https://registry.nlark.com/is-weakref/download/is-weakref-1.0.1.tgz",
      "integrity": "sha1-hC26TsF/qayYUN8tbvvBc3J08qI=",
      "requires": {
        "call-bind": "^1.0.0"
      }
    },
    "jpeg-js": {
      "version": "0.4.3",
      "resolved": "https://registry.npm.taobao.org/jpeg-js/download/jpeg-js-0.4.3.tgz",
      "integrity": "sha1-YVjgnxmDrXc4E3BL6AaAVQ7/l3s="
    },
    "jsonfile": {
      "version": "6.1.0",
      "resolved": "https://registry.npm.taobao.org/jsonfile/download/jsonfile-6.1.0.tgz?cache=0&sync_timestamp=1604161937969&other_urls=https%3A%2F%2Fregistry.npm.taobao.org%2Fjsonfile%2Fdownload%2Fjsonfile-6.1.0.tgz",
      "integrity": "sha1-vFWyY0eTxnnsZAMJTrE2mKbsCq4=",
      "requires": {
        "graceful-fs": "^4.1.6",
        "universalify": "^2.0.0"
      }
    },
    "mime": {
      "version": "2.6.0",
      "resolved": "https://registry.npmmirror.com/mime/download/mime-2.6.0.tgz",
      "integrity": "sha1-oqaCqVzU0MsdYlfij4PafjWAA2c="
    },
    "minimatch": {
      "version": "3.0.4",
      "resolved": "https://registry.nlark.com/minimatch/download/minimatch-3.0.4.tgz",
      "integrity": "sha1-UWbihkV/AzBgZL5Ul+jbsMPTIIM=",
      "requires": {
        "brace-expansion": "^1.1.7"
      }
    },
    "moment": {
      "version": "2.29.1",
      "resolved": "https://registry.nlark.com/moment/download/moment-2.29.1.tgz",
      "integrity": "sha1-sr52n6MZQL6e7qZGnAdeNQBvo9M="
    },
    "moment-timezone": {
      "version": "0.5.34",
      "resolved": "https://registry.npmmirror.com/moment-timezone/download/moment-timezone-0.5.34.tgz?cache=0&sync_timestamp=1636520491297&other_urls=https%3A%2F%2Fregistry.npmmirror.com%2Fmoment-timezone%2Fdownload%2Fmoment-timezone-0.5.34.tgz",
      "integrity": "sha512-3zAEHh2hKUs3EXLESx/wsgw6IQdusOT8Bxm3D9UrHPQR7zlMmzwybC8zHEM1tQ4LJwP7fcxrWr8tuBg05fFCbg==",
      "requires": {
        "moment": ">= 2.9.0"
      }
    },
    "ms": {
      "version": "2.1.2",
      "resolved": "https://registry.npmmirror.com/ms/download/ms-2.1.2.tgz",
      "integrity": "sha1-0J0fNXtEP0kzgqjrPM0YOHKuYAk="
    },
    "node-cron": {
      "version": "3.0.0",
      "resolved": "https://registry.npm.taobao.org/node-cron/download/node-cron-3.0.0.tgz",
      "integrity": "sha1-szJSgD5DD5zYWQz4VzjvoUl6lSI=",
      "requires": {
        "moment-timezone": "^0.5.31"
      }
    },
    "object-inspect": {
      "version": "1.11.0",
      "resolved": "https://registry.nlark.com/object-inspect/download/object-inspect-1.11.0.tgz",
      "integrity": "sha1-nc6xRs7dQUig2eUauI00z1CZIrE="
    },
    "object-is": {
      "version": "1.1.5",
      "resolved": "https://registry.nlark.com/object-is/download/object-is-1.1.5.tgz",
      "integrity": "sha1-ud7qpfx/GEag+uzc7sE45XePU6w=",
      "requires": {
        "call-bind": "^1.0.2",
        "define-properties": "^1.1.3"
      }
    },
    "object-keys": {
      "version": "1.1.1",
      "resolved": "https://registry.nlark.com/object-keys/download/object-keys-1.1.1.tgz",
      "integrity": "sha1-HEfyct8nfzsdrwYWd9nILiMixg4="
    },
    "object.assign": {
      "version": "4.1.2",
      "resolved": "https://registry.npm.taobao.org/object.assign/download/object.assign-4.1.2.tgz",
      "integrity": "sha1-DtVKNC7Os3s4/3brgxoOeIy2OUA=",
      "requires": {
        "call-bind": "^1.0.0",
        "define-properties": "^1.1.3",
        "has-symbols": "^1.0.1",
        "object-keys": "^1.1.1"
      }
    },
    "once": {
      "version": "1.4.0",
      "resolved": "https://registry.nlark.com/once/download/once-1.4.0.tgz",
      "integrity": "sha1-WDsap3WWHUsROsF9nFC6753Xa9E=",
      "requires": {
        "wrappy": "1"
      }
    },
    "path-is-absolute": {
      "version": "1.0.1",
      "resolved": "https://registry.nlark.com/path-is-absolute/download/path-is-absolute-1.0.1.tgz",
      "integrity": "sha1-F0uSaHNVNP+8es5r9TpanhtcX18="
    },
    "pend": {
      "version": "1.2.0",
      "resolved": "https://registry.nlark.com/pend/download/pend-1.2.0.tgz",
      "integrity": "sha1-elfrVQpng/kRUzH89GY9XI4AelA="
    },
    "playwright": {
      "version": "1.16.3",
      "resolved": "https://registry.npmmirror.com/playwright/download/playwright-1.16.3.tgz",
      "integrity": "sha1-J6KS2fpU+6ySOZjTr1jNK2kfXr4=",
      "requires": {
        "playwright-core": "=1.16.3"
      },
      "dependencies": {
        "playwright-core": {
          "version": "1.16.3",
          "resolved": "https://registry.npmmirror.com/playwright-core/download/playwright-core-1.16.3.tgz",
          "integrity": "sha1-9Ga+msr/tphlSt+woXpJBrqTaJU=",
          "requires": {
            "commander": "^8.2.0",
            "debug": "^4.1.1",
            "extract-zip": "^2.0.1",
            "https-proxy-agent": "^5.0.0",
            "jpeg-js": "^0.4.2",
            "mime": "^2.4.6",
            "pngjs": "^5.0.0",
            "progress": "^2.0.3",
            "proper-lockfile": "^4.1.1",
            "proxy-from-env": "^1.1.0",
            "rimraf": "^3.0.2",
            "socks-proxy-agent": "^6.1.0",
            "stack-utils": "^2.0.3",
            "ws": "^7.4.6",
            "yauzl": "^2.10.0",
            "yazl": "^2.5.1"
          }
        }
      }
    },
    "pngjs": {
      "version": "5.0.0",
      "resolved": "https://registry.npm.taobao.org/pngjs/download/pngjs-5.0.0.tgz",
      "integrity": "sha1-553SshV2f9nARWHAEjbflgvOf7s="
    },
    "progress": {
      "version": "2.0.3",
      "resolved": "https://registry.nlark.com/progress/download/progress-2.0.3.tgz",
      "integrity": "sha1-foz42PW48jnBvGi+tOt4Vn1XLvg="
    },
    "proper-lockfile": {
      "version": "4.1.2",
      "resolved": "https://registry.npm.taobao.org/proper-lockfile/download/proper-lockfile-4.1.2.tgz",
      "integrity": "sha1-yLneKvay8WAQZ/mOAaxmuqIjFB8=",
      "requires": {
        "graceful-fs": "^4.2.4",
        "retry": "^0.12.0",
        "signal-exit": "^3.0.2"
      }
    },
    "proxy-from-env": {
      "version": "1.1.0",
      "resolved": "https://registry.nlark.com/proxy-from-env/download/proxy-from-env-1.1.0.tgz",
      "integrity": "sha1-4QLxbKNVQkhldV0sno6k8k1Yw+I="
    },
    "pump": {
      "version": "3.0.0",
      "resolved": "https://registry.npm.taobao.org/pump/download/pump-3.0.0.tgz",
      "integrity": "sha1-tKIRaBW94vTh6mAjVOjHVWUQemQ=",
      "requires": {
        "end-of-stream": "^1.1.0",
        "once": "^1.3.1"
      }
    },
    "retry": {
      "version": "0.12.0",
      "resolved": "https://registry.nlark.com/retry/download/retry-0.12.0.tgz",
      "integrity": "sha1-G0KmJmoh8HQh0bC1S33BZ7AcATs="
    },
    "rimraf": {
      "version": "3.0.2",
      "resolved": "https://registry.nlark.com/rimraf/download/rimraf-3.0.2.tgz?cache=0&sync_timestamp=1618846980226&other_urls=https%3A%2F%2Fregistry.nlark.com%2Frimraf%2Fdownload%2Frimraf-3.0.2.tgz",
      "integrity": "sha1-8aVAK6YiCtUswSgrrBrjqkn9Bho=",
      "requires": {
        "glob": "^7.1.3"
      }
    },
    "safe-buffer": {
      "version": "5.2.1",
      "resolved": "https://registry.nlark.com/safe-buffer/download/safe-buffer-5.2.1.tgz",
      "integrity": "sha1-Hq+fqb2x/dTsdfWPnNtOa3gn7sY="
    },
    "side-channel": {
      "version": "1.0.4",
      "resolved": "https://registry.nlark.com/side-channel/download/side-channel-1.0.4.tgz",
      "integrity": "sha1-785cj9wQTudRslxY1CkAEfpeos8=",
      "requires": {
        "call-bind": "^1.0.0",
        "get-intrinsic": "^1.0.2",
        "object-inspect": "^1.9.0"
      }
    },
    "signal-exit": {
      "version": "3.0.5",
      "resolved": "https://registry.npmmirror.com/signal-exit/download/signal-exit-3.0.5.tgz",
      "integrity": "sha1-nj6MwMdamUcrRDIQM6dwLnc4JS8="
    },
    "smart-buffer": {
      "version": "4.2.0",
      "resolved": "https://registry.nlark.com/smart-buffer/download/smart-buffer-4.2.0.tgz",
      "integrity": "sha1-bh1x+k8YwF99D/IW3RakgdDo2a4="
    },
    "socks": {
      "version": "2.6.1",
      "resolved": "https://registry.npm.taobao.org/socks/download/socks-2.6.1.tgz",
      "integrity": "sha1-mJ5lNKB88zfesbHJSqpEKWUg0w4=",
      "requires": {
        "ip": "^1.1.5",
        "smart-buffer": "^4.1.0"
      }
    },
    "socks-proxy-agent": {
      "version": "6.1.0",
      "resolved": "https://registry.nlark.com/socks-proxy-agent/download/socks-proxy-agent-6.1.0.tgz",
      "integrity": "sha1-hpzy170Q/qlsetMRHoFyaFXihcM=",
      "requires": {
        "agent-base": "^6.0.2",
        "debug": "^4.3.1",
        "socks": "^2.6.1"
      }
    },
    "stack-utils": {
      "version": "2.0.5",
      "resolved": "https://registry.nlark.com/stack-utils/download/stack-utils-2.0.5.tgz",
      "integrity": "sha1-0lJl/KmVFUZZ27+6O0klR3jS/dU=",
      "requires": {
        "escape-string-regexp": "^2.0.0"
      }
    },
    "string.prototype.trimend": {
      "version": "1.0.4",
      "resolved": "https://registry.nlark.com/string.prototype.trimend/download/string.prototype.trimend-1.0.4.tgz",
      "integrity": "sha1-51rpDClCxjUEaGwYsoe0oLGkX4A=",
      "requires": {
        "call-bind": "^1.0.2",
        "define-properties": "^1.1.3"
      }
    },
    "string.prototype.trimstart": {
      "version": "1.0.4",
      "resolved": "https://registry.nlark.com/string.prototype.trimstart/download/string.prototype.trimstart-1.0.4.tgz",
      "integrity": "sha1-s2OZr0qymZtMnGSL16P7K7Jv7u0=",
      "requires": {
        "call-bind": "^1.0.2",
        "define-properties": "^1.1.3"
      }
    },
    "unbox-primitive": {
      "version": "1.0.1",
      "resolved": "https://registry.nlark.com/unbox-primitive/download/unbox-primitive-1.0.1.tgz",
      "integrity": "sha1-CF4hViXsMWJXTciFmr7nilmxRHE=",
      "requires": {
        "function-bind": "^1.1.1",
        "has-bigints": "^1.0.1",
        "has-symbols": "^1.0.2",
        "which-boxed-primitive": "^1.0.2"
      }
    },
    "universalify": {
      "version": "2.0.0",
      "resolved": "https://registry.nlark.com/universalify/download/universalify-2.0.0.tgz",
      "integrity": "sha1-daSYTv7cSwiXXFrrc/Uw0C3yVxc="
    },
    "util": {
      "version": "0.12.4",
      "resolved": "https://registry.npmmirror.com/util/download/util-0.12.4.tgz",
      "integrity": "sha1-ZhIaMUIN+PAcoMRkvhXfodGFAlM=",
      "requires": {
        "inherits": "^2.0.3",
        "is-arguments": "^1.0.4",
        "is-generator-function": "^1.0.7",
        "is-typed-array": "^1.1.3",
        "safe-buffer": "^5.1.2",
        "which-typed-array": "^1.1.2"
      }
    },
    "which-boxed-primitive": {
      "version": "1.0.2",
      "resolved": "https://registry.nlark.com/which-boxed-primitive/download/which-boxed-primitive-1.0.2.tgz",
      "integrity": "sha1-E3V7yJsgmwSf5dhkMOIc9AqJqOY=",
      "requires": {
        "is-bigint": "^1.0.1",
        "is-boolean-object": "^1.1.0",
        "is-number-object": "^1.0.4",
        "is-string": "^1.0.5",
        "is-symbol": "^1.0.3"
      }
    },
    "which-typed-array": {
      "version": "1.1.7",
      "resolved": "https://registry.nlark.com/which-typed-array/download/which-typed-array-1.1.7.tgz?cache=0&sync_timestamp=1630379111541&other_urls=https%3A%2F%2Fregistry.nlark.com%2Fwhich-typed-array%2Fdownload%2Fwhich-typed-array-1.1.7.tgz",
      "integrity": "sha1-J2F5m5oi1LhmCzwbQKuqdzlpF5M=",
      "requires": {
        "available-typed-arrays": "^1.0.5",
        "call-bind": "^1.0.2",
        "es-abstract": "^1.18.5",
        "foreach": "^2.0.5",
        "has-tostringtag": "^1.0.0",
        "is-typed-array": "^1.1.7"
      }
    },
    "wrappy": {
      "version": "1.0.2",
      "resolved": "https://registry.nlark.com/wrappy/download/wrappy-1.0.2.tgz",
      "integrity": "sha1-tSQ9jz7BqjXxNkYFvA0QNuMKtp8="
    },
    "ws": {
      "version": "7.5.5",
      "resolved": "https://registry.npmmirror.com/ws/download/ws-7.5.5.tgz",
      "integrity": "sha1-i0vEr1GM+r0Ec65PmRRCh7M+uIE="
    },
    "yauzl": {
      "version": "2.10.0",
      "resolved": "https://registry.npm.taobao.org/yauzl/download/yauzl-2.10.0.tgz",
      "integrity": "sha1-x+sXyT4RLLEIb6bY5R+wZnt5pfk=",
      "requires": {
        "buffer-crc32": "~0.2.3",
        "fd-slicer": "~1.1.0"
      }
    },
    "yazl": {
      "version": "2.5.1",
      "resolved": "https://registry.npm.taobao.org/yazl/download/yazl-2.5.1.tgz",
      "integrity": "sha1-o9ZdPdZZpbCTeFDoYJ8i//orXDU=",
      "requires": {
        "buffer-crc32": "~0.2.3"
      }
    }
  }
}
